
Microsoft Visual Studio Solution File, Format Version 12.00
# Visual Studio Version 16
VisualStudioVersion = 25.0.1700.0
MinimumVisualStudioVersion = 10.0.40219.1
Project("{FAE04EC0-301F-11D3-BF4B-00C04F79EFBC}") = "PPLEngine", "PPLD\PPLEngine.csproj", "{10ACC46D-1D7E-4FFF-A112-8113AA9272B0}"
EndProject
Project("{FAE04EC0-301F-11D3-BF4B-00C04F79EFBC}") = "UnitTests", "UnitTests\UnitTests.csproj", "{15817045-EFCF-4772-9894-C6048CD22E14}"
EndProject
Global
	GlobalSection(SolutionConfigurationPlatforms) = preSolution
		Debug|Any CPU = Debug|Any CPU
		Release|Any CPU = Release|Any CPU
	EndGlobalSection
	GlobalSection(ProjectConfigurationPlatforms) = postSolution
		{10ACC46D-1D7E-4FFF-A112-8113AA9272B0}.Debug|Any CPU.ActiveCfg = Debug|Any CPU
		{10ACC46D-1D7E-4FFF-A112-8113AA9272B0}.Debug|Any CPU.Build.0 = Debug|Any CPU
		{10ACC46D-1D7E-4FFF-A112-8113AA9272B0}.Release|Any CPU.ActiveCfg = Release|Any CPU
		{10ACC46D-1D7E-4FFF-A112-8113AA9272B0}.Release|Any CPU.Build.0 = Release|Any CPU
		{15817045-EFCF-4772-9894-C6048CD22E14}.Debug|Any CPU.ActiveCfg = Debug|Any CPU
		{15817045-EFCF-4772-9894-C6048CD22E14}.Debug|Any CPU.Build.0 = Debug|Any CPU
		{15817045-EFCF-4772-9894-C6048CD22E14}.Release|Any CPU.ActiveCfg = Release|Any CPU
		{15817045-EFCF-4772-9894-C6048CD22E14}.Release|Any CPU.Build.0 = Release|Any CPU
	EndGlobalSection
	GlobalSection(SolutionProperties) = preSolution
		HideSolutionNode = FALSE
	EndGlobalSection
	GlobalSection(ExtensibilityGlobals) = postSolution
		SolutionGuid = {997D32A8-B385-4110-A2A7-218FAA9635A8}
	EndGlobalSection
EndGlobal
